// !$*UTF8*$!
{
	archiveVersion = 1;
	classes = {
	};
	objectVersion = 46;
	objects = {

/* Begin PBXBuildFile section */
		18463268286E086FA83D16FB /* libPods-TestTaskTests.a in Frameworks */ = {isa = PBXBuildFile; fileRef = 03A749A647C400B6F7BD4594 /* libPods-TestTaskTests.a */; };
		86901BE0E0414EEA31912F49 /* libPods-TestTask.a in Frameworks */ = {isa = PBXBuildFile; fileRef = 97F9F40E4506BC53631634F3 /* libPods-TestTask.a */; };
		940CB4821D834AF100B4876F /* DPPhotoCell.m in Sources */ = {isa = PBXBuildFile; fileRef = 940CB4801D834AF100B4876F /* DPPhotoCell.m */; };
		940CB4831D834AF100B4876F /* DPPhotoCell.xib in Resources */ = {isa = PBXBuildFile; fileRef = 940CB4811D834AF100B4876F /* DPPhotoCell.xib */; };
		940CB4871D834B0F00B4876F /* DPPhotoSearchViewController.m in Sources */ = {isa = PBXBuildFile; fileRef = 940CB4851D834B0F00B4876F /* DPPhotoSearchViewController.m */; };
		940CB4881D834B0F00B4876F /* DPPhotoSearchViewController.xib in Resources */ = {isa = PBXBuildFile; fileRef = 940CB4861D834B0F00B4876F /* DPPhotoSearchViewController.xib */; };
		940CB48D1D834BF000B4876F /* UICollectionView+DP.m in Sources */ = {isa = PBXBuildFile; fileRef = 940CB48C1D834BF000B4876F /* UICollectionView+DP.m */; };
		940CB4911D83591F00B4876F /* DPPhotoResource.m in Sources */ = {isa = PBXBuildFile; fileRef = 940CB4901D83591F00B4876F /* DPPhotoResource.m */; };
		940CB4941D84133F00B4876F /* DPNetworkService.m in Sources */ = {isa = PBXBuildFile; fileRef = 940CB4931D84133F00B4876F /* DPNetworkService.m */; };
		940CB49A1D841AAC00B4876F /* DPPhoto.m in Sources */ = {isa = PBXBuildFile; fileRef = 940CB4991D841AAC00B4876F /* DPPhoto.m */; };
		940CB4A01D84227600B4876F /* DPPhotoPage.m in Sources */ = {isa = PBXBuildFile; fileRef = 940CB49F1D84227600B4876F /* DPPhotoPage.m */; };
		940CB4A51D843E7600B4876F /* DPApiService.m in Sources */ = {isa = PBXBuildFile; fileRef = 940CB4A41D843E7600B4876F /* DPApiService.m */; };
		940CB4AE1D84494000B4876F /* DPPhotoPageRequest.m in Sources */ = {isa = PBXBuildFile; fileRef = 940CB4AD1D84494000B4876F /* DPPhotoPageRequest.m */; };
		940CB4B21D845E0300B4876F /* DPPagingContainer.m in Sources */ = {isa = PBXBuildFile; fileRef = 940CB4B11D845E0300B4876F /* DPPagingContainer.m */; };
		940CB4B71D847FA300B4876F /* DPLoadingCell.m in Sources */ = {isa = PBXBuildFile; fileRef = 940CB4B51D847FA300B4876F /* DPLoadingCell.m */; };
		940CB4B81D847FA300B4876F /* DPLoadingCell.xib in Resources */ = {isa = PBXBuildFile; fileRef = 940CB4B61D847FA300B4876F /* DPLoadingCell.xib */; };
		940CB4BB1D8485AC00B4876F /* DPAlertHelper.m in Sources */ = {isa = PBXBuildFile; fileRef = 940CB4BA1D8485AC00B4876F /* DPAlertHelper.m */; };
		940CB4C01D849B3300B4876F /* DPSearchHistoryViewController.m in Sources */ = {isa = PBXBuildFile; fileRef = 940CB4BE1D849B3300B4876F /* DPSearchHistoryViewController.m */; };
		940CB4C11D849B3300B4876F /* DPSearchHistoryViewController.xib in Resources */ = {isa = PBXBuildFile; fileRef = 940CB4BF1D849B3300B4876F /* DPSearchHistoryViewController.xib */; };
		940CB4C61D849EB900B4876F /* DPSearchFlowController.m in Sources */ = {isa = PBXBuildFile; fileRef = 940CB4C51D849EB900B4876F /* DPSearchFlowController.m */; };
		940CB4C91D85418000B4876F /* DPSearchHistoryResource.m in Sources */ = {isa = PBXBuildFile; fileRef = 940CB4C81D85418000B4876F /* DPSearchHistoryResource.m */; };
		940CB4CF1D85599D00B4876F /* UITableView+DP.m in Sources */ = {isa = PBXBuildFile; fileRef = 940CB4CE1D85599D00B4876F /* UITableView+DP.m */; };
		9434BDE51D833E7C007F8E92 /* main.m in Sources */ = {isa = PBXBuildFile; fileRef = 9434BDE41D833E7C007F8E92 /* main.m */; };
		9434BDFE1D833F29007F8E92 /* AppDelegate.m in Sources */ = {isa = PBXBuildFile; fileRef = 9434BDFD1D833F29007F8E92 /* AppDelegate.m */; };
		9434BE001D833F3B007F8E92 /* Assets.xcassets in Resources */ = {isa = PBXBuildFile; fileRef = 9434BDFF1D833F3B007F8E92 /* Assets.xcassets */; };
		9434BE031D833F7C007F8E92 /* LaunchScreen.storyboard in Resources */ = {isa = PBXBuildFile; fileRef = 9434BE011D833F7C007F8E92 /* LaunchScreen.storyboard */; };
		944772FD1D85659A00CEC86A /* DPPhotoResourceTests.m in Sources */ = {isa = PBXBuildFile; fileRef = 944772FC1D85659A00CEC86A /* DPPhotoResourceTests.m */; };
		944773051D85A1F800CEC86A /* DPApiServiceTests.m in Sources */ = {isa = PBXBuildFile; fileRef = 944773041D85A1F800CEC86A /* DPApiServiceTests.m */; };
/* End PBXBuildFile section */

/* Begin PBXContainerItemProxy section */
		944772FF1D85659A00CEC86A /* PBXContainerItemProxy */ = {
			isa = PBXContainerItemProxy;
			containerPortal = 9434BDD81D833E7C007F8E92 /* Project object */;
			proxyType = 1;
			remoteGlobalIDString = 9434BDDF1D833E7C007F8E92;
			remoteInfo = TestTask;
		};
/* End PBXContainerItemProxy section */

/* Begin PBXFileReference section */
		03A749A647C400B6F7BD4594 /* libPods-TestTaskTests.a */ = {isa = PBXFileReference; explicitFileType = archive.ar; includeInIndex = 0; path = "libPods-TestTaskTests.a"; sourceTree = BUILT_PRODUCTS_DIR; };
		27528069D53D3DF70811EE30 /* Pods-TestTask.release.xcconfig */ = {isa = PBXFileReference; includeInIndex = 1; lastKnownFileType = text.xcconfig; name = "Pods-TestTask.release.xcconfig"; path = "Pods/Target Support Files/Pods-TestTask/Pods-TestTask.release.xcconfig"; sourceTree = "<group>"; };
		6F3A44F15A409CE353E8C28A /* Pods-TestTaskTests.debug.xcconfig */ = {isa = PBXFileReference; includeInIndex = 1; lastKnownFileType = text.xcconfig; name = "Pods-TestTaskTests.debug.xcconfig"; path = "Pods/Target Support Files/Pods-TestTaskTests/Pods-TestTaskTests.debug.xcconfig"; sourceTree = "<group>"; };
		813B93C2DE49DF7848431ACA /* Pods-TestTask.debug.xcconfig */ = {isa = PBXFileReference; includeInIndex = 1; lastKnownFileType = text.xcconfig; name = "Pods-TestTask.debug.xcconfig"; path = "Pods/Target Support Files/Pods-TestTask/Pods-TestTask.debug.xcconfig"; sourceTree = "<group>"; };
		940CB47F1D834AF100B4876F /* DPPhotoCell.h */ = {isa = PBXFileReference; fileEncoding = 4; lastKnownFileType = sourcecode.c.h; path = DPPhotoCell.h; sourceTree = "<group>"; };
		940CB4801D834AF100B4876F /* DPPhotoCell.m */ = {isa = PBXFileReference; fileEncoding = 4; lastKnownFileType = sourcecode.c.objc; path = DPPhotoCell.m; sourceTree = "<group>"; };
		940CB4811D834AF100B4876F /* DPPhotoCell.xib */ = {isa = PBXFileReference; fileEncoding = 4; lastKnownFileType = file.xib; path = DPPhotoCell.xib; sourceTree = "<group>"; };
		940CB4841D834B0F00B4876F /* DPPhotoSearchViewController.h */ = {isa = PBXFileReference; fileEncoding = 4; lastKnownFileType = sourcecode.c.h; path = DPPhotoSearchViewController.h; sourceTree = "<group>"; };
		940CB4851D834B0F00B4876F /* DPPhotoSearchViewController.m */ = {isa = PBXFileReference; fileEncoding = 4; lastKnownFileType = sourcecode.c.objc; path = DPPhotoSearchViewController.m; sourceTree = "<group>"; };
		940CB4861D834B0F00B4876F /* DPPhotoSearchViewController.xib */ = {isa = PBXFileReference; fileEncoding = 4; lastKnownFileType = file.xib; path = DPPhotoSearchViewController.xib; sourceTree = "<group>"; };
		940CB48B1D834BF000B4876F /* UICollectionView+DP.h */ = {isa = PBXFileReference; fileEncoding = 4; lastKnownFileType = sourcecode.c.h; path = "UICollectionView+DP.h"; sourceTree = "<group>"; };
		940CB48C1D834BF000B4876F /* UICollectionView+DP.m */ = {isa = PBXFileReference; fileEncoding = 4; lastKnownFileType = sourcecode.c.objc; path = "UICollectionView+DP.m"; sourceTree = "<group>"; };
		940CB48F1D83591F00B4876F /* DPPhotoResource.h */ = {isa = PBXFileReference; fileEncoding = 4; lastKnownFileType = sourcecode.c.h; path = DPPhotoResource.h; sourceTree = "<group>"; };
		940CB4901D83591F00B4876F /* DPPhotoResource.m */ = {isa = PBXFileReference; fileEncoding = 4; lastKnownFileType = sourcecode.c.objc; path = DPPhotoResource.m; sourceTree = "<group>"; };
		940CB4921D84133F00B4876F /* DPNetworkService.h */ = {isa = PBXFileReference; fileEncoding = 4; lastKnownFileType = sourcecode.c.h; path = DPNetworkService.h; sourceTree = "<group>"; };
		940CB4931D84133F00B4876F /* DPNetworkService.m */ = {isa = PBXFileReference; fileEncoding = 4; lastKnownFileType = sourcecode.c.objc; path = DPNetworkService.m; sourceTree = "<group>"; };
		940CB4951D8416F700B4876F /* DPCommonUtils.h */ = {isa = PBXFileReference; lastKnownFileType = sourcecode.c.h; path = DPCommonUtils.h; sourceTree = "<group>"; };
		940CB4961D84177500B4876F /* TestTask.pch */ = {isa = PBXFileReference; lastKnownFileType = sourcecode.c.h; path = TestTask.pch; sourceTree = "<group>"; };
		940CB4981D841AAC00B4876F /* DPPhoto.h */ = {isa = PBXFileReference; fileEncoding = 4; lastKnownFileType = sourcecode.c.h; path = DPPhoto.h; sourceTree = "<group>"; };
		940CB4991D841AAC00B4876F /* DPPhoto.m */ = {isa = PBXFileReference; fileEncoding = 4; lastKnownFileType = sourcecode.c.objc; path = DPPhoto.m; sourceTree = "<group>"; };
		940CB49E1D84227600B4876F /* DPPhotoPage.h */ = {isa = PBXFileReference; fileEncoding = 4; lastKnownFileType = sourcecode.c.h; path = DPPhotoPage.h; sourceTree = "<group>"; };
		940CB49F1D84227600B4876F /* DPPhotoPage.m */ = {isa = PBXFileReference; fileEncoding = 4; lastKnownFileType = sourcecode.c.objc; path = DPPhotoPage.m; sourceTree = "<group>"; };
		940CB4A31D843E7600B4876F /* DPApiService.h */ = {isa = PBXFileReference; fileEncoding = 4; lastKnownFileType = sourcecode.c.h; path = DPApiService.h; sourceTree = "<group>"; };
		940CB4A41D843E7600B4876F /* DPApiService.m */ = {isa = PBXFileReference; fileEncoding = 4; lastKnownFileType = sourcecode.c.objc; path = DPApiService.m; sourceTree = "<group>"; };
		940CB4A61D84415900B4876F /* DPApiRequest.h */ = {isa = PBXFileReference; fileEncoding = 4; lastKnownFileType = sourcecode.c.h; path = DPApiRequest.h; sourceTree = "<group>"; };
		940CB4A91D84451D00B4876F /* DPApiResponseParser.h */ = {isa = PBXFileReference; fileEncoding = 4; lastKnownFileType = sourcecode.c.h; path = DPApiResponseParser.h; sourceTree = "<group>"; };
		940CB4AC1D84494000B4876F /* DPPhotoPageRequest.h */ = {isa = PBXFileReference; fileEncoding = 4; lastKnownFileType = sourcecode.c.h; path = DPPhotoPageRequest.h; sourceTree = "<group>"; };
		940CB4AD1D84494000B4876F /* DPPhotoPageRequest.m */ = {isa = PBXFileReference; fileEncoding = 4; lastKnownFileType = sourcecode.c.objc; path = DPPhotoPageRequest.m; sourceTree = "<group>"; };
		940CB4B01D845E0300B4876F /* DPPagingContainer.h */ = {isa = PBXFileReference; fileEncoding = 4; lastKnownFileType = sourcecode.c.h; path = DPPagingContainer.h; sourceTree = "<group>"; };
		940CB4B11D845E0300B4876F /* DPPagingContainer.m */ = {isa = PBXFileReference; fileEncoding = 4; lastKnownFileType = sourcecode.c.objc; path = DPPagingContainer.m; sourceTree = "<group>"; };
		940CB4B31D845F1B00B4876F /* DPPage.h */ = {isa = PBXFileReference; fileEncoding = 4; lastKnownFileType = sourcecode.c.h; path = DPPage.h; sourceTree = "<group>"; };
		940CB4B41D847FA300B4876F /* DPLoadingCell.h */ = {isa = PBXFileReference; fileEncoding = 4; lastKnownFileType = sourcecode.c.h; path = DPLoadingCell.h; sourceTree = "<group>"; };
		940CB4B51D847FA300B4876F /* DPLoadingCell.m */ = {isa = PBXFileReference; fileEncoding = 4; lastKnownFileType = sourcecode.c.objc; path = DPLoadingCell.m; sourceTree = "<group>"; };
		940CB4B61D847FA300B4876F /* DPLoadingCell.xib */ = {isa = PBXFileReference; fileEncoding = 4; lastKnownFileType = file.xib; path = DPLoadingCell.xib; sourceTree = "<group>"; };
		940CB4B91D8485AC00B4876F /* DPAlertHelper.h */ = {isa = PBXFileReference; fileEncoding = 4; lastKnownFileType = sourcecode.c.h; path = DPAlertHelper.h; sourceTree = "<group>"; };
		940CB4BA1D8485AC00B4876F /* DPAlertHelper.m */ = {isa = PBXFileReference; fileEncoding = 4; lastKnownFileType = sourcecode.c.objc; path = DPAlertHelper.m; sourceTree = "<group>"; };
		940CB4BD1D849B3300B4876F /* DPSearchHistoryViewController.h */ = {isa = PBXFileReference; fileEncoding = 4; lastKnownFileType = sourcecode.c.h; path = DPSearchHistoryViewController.h; sourceTree = "<group>"; };
		940CB4BE1D849B3300B4876F /* DPSearchHistoryViewController.m */ = {isa = PBXFileReference; fileEncoding = 4; lastKnownFileType = sourcecode.c.objc; path = DPSearchHistoryViewController.m; sourceTree = "<group>"; };
		940CB4BF1D849B3300B4876F /* DPSearchHistoryViewController.xib */ = {isa = PBXFileReference; fileEncoding = 4; lastKnownFileType = file.xib; path = DPSearchHistoryViewController.xib; sourceTree = "<group>"; };
		940CB4C41D849EB900B4876F /* DPSearchFlowController.h */ = {isa = PBXFileReference; fileEncoding = 4; lastKnownFileType = sourcecode.c.h; path = DPSearchFlowController.h; sourceTree = "<group>"; };
		940CB4C51D849EB900B4876F /* DPSearchFlowController.m */ = {isa = PBXFileReference; fileEncoding = 4; lastKnownFileType = sourcecode.c.objc; path = DPSearchFlowController.m; sourceTree = "<group>"; };
		940CB4C71D85418000B4876F /* DPSearchHistoryResource.h */ = {isa = PBXFileReference; fileEncoding = 4; lastKnownFileType = sourcecode.c.h; path = DPSearchHistoryResource.h; sourceTree = "<group>"; };
		940CB4C81D85418000B4876F /* DPSearchHistoryResource.m */ = {isa = PBXFileReference; fileEncoding = 4; lastKnownFileType = sourcecode.c.objc; path = DPSearchHistoryResource.m; sourceTree = "<group>"; };
		940CB4CD1D85599D00B4876F /* UITableView+DP.h */ = {isa = PBXFileReference; fileEncoding = 4; lastKnownFileType = sourcecode.c.h; path = "UITableView+DP.h"; sourceTree = "<group>"; };
		940CB4CE1D85599D00B4876F /* UITableView+DP.m */ = {isa = PBXFileReference; fileEncoding = 4; lastKnownFileType = sourcecode.c.objc; path = "UITableView+DP.m"; sourceTree = "<group>"; };
		9434BDE01D833E7C007F8E92 /* TestTask.app */ = {isa = PBXFileReference; explicitFileType = wrapper.application; includeInIndex = 0; path = TestTask.app; sourceTree = BUILT_PRODUCTS_DIR; };
		9434BDE41D833E7C007F8E92 /* main.m */ = {isa = PBXFileReference; lastKnownFileType = sourcecode.c.objc; path = main.m; sourceTree = "<group>"; };
		9434BDF41D833E7C007F8E92 /* Info.plist */ = {isa = PBXFileReference; lastKnownFileType = text.plist.xml; path = Info.plist; sourceTree = "<group>"; };
		9434BDFC1D833F29007F8E92 /* AppDelegate.h */ = {isa = PBXFileReference; fileEncoding = 4; lastKnownFileType = sourcecode.c.h; path = AppDelegate.h; sourceTree = "<group>"; };
		9434BDFD1D833F29007F8E92 /* AppDelegate.m */ = {isa = PBXFileReference; fileEncoding = 4; lastKnownFileType = sourcecode.c.objc; path = AppDelegate.m; sourceTree = "<group>"; };
		9434BDFF1D833F3B007F8E92 /* Assets.xcassets */ = {isa = PBXFileReference; lastKnownFileType = folder.assetcatalog; path = Assets.xcassets; sourceTree = "<group>"; };
		9434BE021D833F7C007F8E92 /* Base */ = {isa = PBXFileReference; lastKnownFileType = file.storyboard; name = Base; path = Base.lproj/LaunchScreen.storyboard; sourceTree = "<group>"; };
		944772FA1D85659A00CEC86A /* TestTaskTests.xctest */ = {isa = PBXFileReference; explicitFileType = wrapper.cfbundle; includeInIndex = 0; path = TestTaskTests.xctest; sourceTree = BUILT_PRODUCTS_DIR; };
		944772FC1D85659A00CEC86A /* DPPhotoResourceTests.m */ = {isa = PBXFileReference; lastKnownFileType = sourcecode.c.objc; path = DPPhotoResourceTests.m; sourceTree = "<group>"; };
		944772FE1D85659A00CEC86A /* Info.plist */ = {isa = PBXFileReference; lastKnownFileType = text.plist.xml; path = Info.plist; sourceTree = "<group>"; };
		944773041D85A1F800CEC86A /* DPApiServiceTests.m */ = {isa = PBXFileReference; fileEncoding = 4; lastKnownFileType = sourcecode.c.objc; path = DPApiServiceTests.m; sourceTree = "<group>"; };
		97F9F40E4506BC53631634F3 /* libPods-TestTask.a */ = {isa = PBXFileReference; explicitFileType = archive.ar; includeInIndex = 0; path = "libPods-TestTask.a"; sourceTree = BUILT_PRODUCTS_DIR; };
		D7746D44F6AC0FDDC561137B /* Pods-TestTaskTests.release.xcconfig */ = {isa = PBXFileReference; includeInIndex = 1; lastKnownFileType = text.xcconfig; name = "Pods-TestTaskTests.release.xcconfig"; path = "Pods/Target Support Files/Pods-TestTaskTests/Pods-TestTaskTests.release.xcconfig"; sourceTree = "<group>"; };
/* End PBXFileReference section */

/* Begin PBXFrameworksBuildPhase section */
		9434BDDD1D833E7C007F8E92 /* Frameworks */ = {
			isa = PBXFrameworksBuildPhase;
			buildActionMask = 2147483647;
			files = (
				86901BE0E0414EEA31912F49 /* libPods-TestTask.a in Frameworks */,
			);
			runOnlyForDeploymentPostprocessing = 0;
		};
		944772F71D85659A00CEC86A /* Frameworks */ = {
			isa = PBXFrameworksBuildPhase;
			buildActionMask = 2147483647;
			files = (
				18463268286E086FA83D16FB /* libPods-TestTaskTests.a in Frameworks */,
			);
			runOnlyForDeploymentPostprocessing = 0;
		};
/* End PBXFrameworksBuildPhase section */

/* Begin PBXGroup section */
		5DF07A49291079792ACB56EA /* Pods */ = {
			isa = PBXGroup;
			children = (
				813B93C2DE49DF7848431ACA /* Pods-TestTask.debug.xcconfig */,
				27528069D53D3DF70811EE30 /* Pods-TestTask.release.xcconfig */,
				6F3A44F15A409CE353E8C28A /* Pods-TestTaskTests.debug.xcconfig */,
				D7746D44F6AC0FDDC561137B /* Pods-TestTaskTests.release.xcconfig */,
			);
			name = Pods;
			sourceTree = "<group>";
		};
		940CB4771D834A6A00B4876F /* UI */ = {
			isa = PBXGroup;
			children = (
				940CB4C31D849E7D00B4876F /* FlowController */,
				940CB4BC1D849AFA00B4876F /* History */,
				940CB4781D834A9400B4876F /* PhotoSearch */,
			);
			path = UI;
			sourceTree = "<group>";
		};
		940CB4781D834A9400B4876F /* PhotoSearch */ = {
			isa = PBXGroup;
			children = (
				940CB4841D834B0F00B4876F /* DPPhotoSearchViewController.h */,
				940CB4851D834B0F00B4876F /* DPPhotoSearchViewController.m */,
				940CB4861D834B0F00B4876F /* DPPhotoSearchViewController.xib */,
				940CB4791D834AA900B4876F /* Cells */,
			);
			path = PhotoSearch;
			sourceTree = "<group>";
		};
		940CB4791D834AA900B4876F /* Cells */ = {
			isa = PBXGroup;
			children = (
				940CB47F1D834AF100B4876F /* DPPhotoCell.h */,
				940CB4801D834AF100B4876F /* DPPhotoCell.m */,
				940CB4811D834AF100B4876F /* DPPhotoCell.xib */,
				940CB4B41D847FA300B4876F /* DPLoadingCell.h */,
				940CB4B51D847FA300B4876F /* DPLoadingCell.m */,
				940CB4B61D847FA300B4876F /* DPLoadingCell.xib */,
			);
			path = Cells;
			sourceTree = "<group>";
		};
		940CB4891D834B7F00B4876F /* Utils */ = {
			isa = PBXGroup;
			children = (
				940CB48A1D834B8D00B4876F /* Extensions */,
				940CB4951D8416F700B4876F /* DPCommonUtils.h */,
				940CB4B91D8485AC00B4876F /* DPAlertHelper.h */,
				940CB4BA1D8485AC00B4876F /* DPAlertHelper.m */,
			);
			path = Utils;
			sourceTree = "<group>";
		};
		940CB48A1D834B8D00B4876F /* Extensions */ = {
			isa = PBXGroup;
			children = (
				940CB4CD1D85599D00B4876F /* UITableView+DP.h */,
				940CB4CE1D85599D00B4876F /* UITableView+DP.m */,
				940CB48B1D834BF000B4876F /* UICollectionView+DP.h */,
				940CB48C1D834BF000B4876F /* UICollectionView+DP.m */,
			);
			path = Extensions;
			sourceTree = "<group>";
		};
		940CB48E1D8358EF00B4876F /* Services */ = {
			isa = PBXGroup;
			children = (
				940CB4AB1D84492300B4876F /* Requests */,
				940CB48F1D83591F00B4876F /* DPPhotoResource.h */,
				940CB4901D83591F00B4876F /* DPPhotoResource.m */,
				940CB4A61D84415900B4876F /* DPApiRequest.h */,
				940CB4A91D84451D00B4876F /* DPApiResponseParser.h */,
				940CB4A31D843E7600B4876F /* DPApiService.h */,
				940CB4A41D843E7600B4876F /* DPApiService.m */,
				940CB4921D84133F00B4876F /* DPNetworkService.h */,
				940CB4931D84133F00B4876F /* DPNetworkService.m */,
				940CB4C71D85418000B4876F /* DPSearchHistoryResource.h */,
				940CB4C81D85418000B4876F /* DPSearchHistoryResource.m */,
			);
			path = Services;
			sourceTree = "<group>";
		};
		940CB4971D841A1100B4876F /* Models */ = {
			isa = PBXGroup;
			children = (
				940CB4B31D845F1B00B4876F /* DPPage.h */,
				940CB4981D841AAC00B4876F /* DPPhoto.h */,
				940CB4991D841AAC00B4876F /* DPPhoto.m */,
				940CB49E1D84227600B4876F /* DPPhotoPage.h */,
				940CB49F1D84227600B4876F /* DPPhotoPage.m */,
			);
			path = Models;
			sourceTree = "<group>";
		};
		940CB4AB1D84492300B4876F /* Requests */ = {
			isa = PBXGroup;
			children = (
				940CB4AC1D84494000B4876F /* DPPhotoPageRequest.h */,
				940CB4AD1D84494000B4876F /* DPPhotoPageRequest.m */,
			);
			path = Requests;
			sourceTree = "<group>";
		};
		940CB4AF1D845DD000B4876F /* Common */ = {
			isa = PBXGroup;
			children = (
				940CB4B01D845E0300B4876F /* DPPagingContainer.h */,
				940CB4B11D845E0300B4876F /* DPPagingContainer.m */,
			);
			path = Common;
			sourceTree = "<group>";
		};
		940CB4BC1D849AFA00B4876F /* History */ = {
			isa = PBXGroup;
			children = (
				940CB4BD1D849B3300B4876F /* DPSearchHistoryViewController.h */,
				940CB4BE1D849B3300B4876F /* DPSearchHistoryViewController.m */,
				940CB4BF1D849B3300B4876F /* DPSearchHistoryViewController.xib */,
			);
			path = History;
			sourceTree = "<group>";
		};
		940CB4C31D849E7D00B4876F /* FlowController */ = {
			isa = PBXGroup;
			children = (
				940CB4C41D849EB900B4876F /* DPSearchFlowController.h */,
				940CB4C51D849EB900B4876F /* DPSearchFlowController.m */,
			);
			path = FlowController;
			sourceTree = "<group>";
		};
		9434BDD71D833E7C007F8E92 = {
			isa = PBXGroup;
			children = (
				9434BDE21D833E7C007F8E92 /* TestTask */,
				944772FB1D85659A00CEC86A /* TestTaskTests */,
				9434BDE11D833E7C007F8E92 /* Products */,
				5DF07A49291079792ACB56EA /* Pods */,
				C79D7EC24CD97C6481FA200B /* Frameworks */,
			);
			sourceTree = "<group>";
		};
		9434BDE11D833E7C007F8E92 /* Products */ = {
			isa = PBXGroup;
			children = (
				9434BDE01D833E7C007F8E92 /* TestTask.app */,
				944772FA1D85659A00CEC86A /* TestTaskTests.xctest */,
			);
			name = Products;
			sourceTree = "<group>";
		};
		9434BDE21D833E7C007F8E92 /* TestTask */ = {
			isa = PBXGroup;
			children = (
				9434BDFB1D833ECC007F8E92 /* Resources */,
				9434BDFA1D833EC3007F8E92 /* Classes */,
				9434BDE31D833E7C007F8E92 /* Supporting Files */,
			);
			path = TestTask;
			sourceTree = "<group>";
		};
		9434BDE31D833E7C007F8E92 /* Supporting Files */ = {
			isa = PBXGroup;
			children = (
				9434BDF41D833E7C007F8E92 /* Info.plist */,
				940CB4961D84177500B4876F /* TestTask.pch */,
				9434BDE41D833E7C007F8E92 /* main.m */,
			);
			name = "Supporting Files";
			sourceTree = "<group>";
		};
		9434BDFA1D833EC3007F8E92 /* Classes */ = {
			isa = PBXGroup;
			children = (
				940CB4AF1D845DD000B4876F /* Common */,
				940CB4971D841A1100B4876F /* Models */,
				940CB48E1D8358EF00B4876F /* Services */,
				940CB4891D834B7F00B4876F /* Utils */,
				940CB4771D834A6A00B4876F /* UI */,
				9434BDFC1D833F29007F8E92 /* AppDelegate.h */,
				9434BDFD1D833F29007F8E92 /* AppDelegate.m */,
			);
			path = Classes;
			sourceTree = "<group>";
		};
		9434BDFB1D833ECC007F8E92 /* Resources */ = {
			isa = PBXGroup;
			children = (
				9434BE011D833F7C007F8E92 /* LaunchScreen.storyboard */,
				9434BDFF1D833F3B007F8E92 /* Assets.xcassets */,
			);
			path = Resources;
			sourceTree = "<group>";
		};
		944772FB1D85659A00CEC86A /* TestTaskTests */ = {
			isa = PBXGroup;
			children = (
				944772FC1D85659A00CEC86A /* DPPhotoResourceTests.m */,
				944773041D85A1F800CEC86A /* DPApiServiceTests.m */,
				944772FE1D85659A00CEC86A /* Info.plist */,
			);
			path = TestTaskTests;
			sourceTree = "<group>";
		};
		C79D7EC24CD97C6481FA200B /* Frameworks */ = {
			isa = PBXGroup;
			children = (
				97F9F40E4506BC53631634F3 /* libPods-TestTask.a */,
				03A749A647C400B6F7BD4594 /* libPods-TestTaskTests.a */,
			);
			name = Frameworks;
			sourceTree = "<group>";
		};
/* End PBXGroup section */

/* Begin PBXNativeTarget section */
		9434BDDF1D833E7C007F8E92 /* TestTask */ = {
			isa = PBXNativeTarget;
			buildConfigurationList = 9434BDF71D833E7C007F8E92 /* Build configuration list for PBXNativeTarget "TestTask" */;
			buildPhases = (
				87B00700AF4C46FF2656AE76 /* 📦 Check Pods Manifest.lock */,
				9434BDDC1D833E7C007F8E92 /* Sources */,
				9434BDDD1D833E7C007F8E92 /* Frameworks */,
				9434BDDE1D833E7C007F8E92 /* Resources */,
				6E1859A5833C7CA7EA28B657 /* 📦 Embed Pods Frameworks */,
				1D8E1BDA2F460AC4656B6677 /* 📦 Copy Pods Resources */,
			);
			buildRules = (
			);
			dependencies = (
			);
			name = TestTask;
			productName = TestTask;
			productReference = 9434BDE01D833E7C007F8E92 /* TestTask.app */;
			productType = "com.apple.product-type.application";
		};
		944772F91D85659A00CEC86A /* TestTaskTests */ = {
			isa = PBXNativeTarget;
			buildConfigurationList = 944773031D85659A00CEC86A /* Build configuration list for PBXNativeTarget "TestTaskTests" */;
			buildPhases = (
				1313D0733B22DE6A64E252CF /* 📦 Check Pods Manifest.lock */,
				944772F61D85659A00CEC86A /* Sources */,
				944772F71D85659A00CEC86A /* Frameworks */,
				944772F81D85659A00CEC86A /* Resources */,
				3C06F3BF253BFDCEA4FBA74C /* 📦 Embed Pods Frameworks */,
				1F26264546AA17233A011CD2 /* 📦 Copy Pods Resources */,
			);
			buildRules = (
			);
			dependencies = (
				944773001D85659A00CEC86A /* PBXTargetDependency */,
			);
			name = TestTaskTests;
			productName = TestTaskTests;
			productReference = 944772FA1D85659A00CEC86A /* TestTaskTests.xctest */;
			productType = "com.apple.product-type.bundle.unit-test";
		};
/* End PBXNativeTarget section */

/* Begin PBXProject section */
		9434BDD81D833E7C007F8E92 /* Project object */ = {
			isa = PBXProject;
			attributes = {
				LastUpgradeCheck = 0730;
				ORGANIZATIONNAME = "Dmitry Povolotskyi";
				TargetAttributes = {
					9434BDDF1D833E7C007F8E92 = {
						CreatedOnToolsVersion = 7.3.1;
					};
					944772F91D85659A00CEC86A = {
						CreatedOnToolsVersion = 7.3.1;
						TestTargetID = 9434BDDF1D833E7C007F8E92;
					};
				};
			};
			buildConfigurationList = 9434BDDB1D833E7C007F8E92 /* Build configuration list for PBXProject "TestTask" */;
			compatibilityVersion = "Xcode 3.2";
			developmentRegion = English;
			hasScannedForEncodings = 0;
			knownRegions = (
				en,
				Base,
			);
			mainGroup = 9434BDD71D833E7C007F8E92;
			productRefGroup = 9434BDE11D833E7C007F8E92 /* Products */;
			projectDirPath = "";
			projectRoot = "";
			targets = (
				9434BDDF1D833E7C007F8E92 /* TestTask */,
				944772F91D85659A00CEC86A /* TestTaskTests */,
			);
		};
/* End PBXProject section */

/* Begin PBXResourcesBuildPhase section */
		9434BDDE1D833E7C007F8E92 /* Resources */ = {
			isa = PBXResourcesBuildPhase;
			buildActionMask = 2147483647;
			files = (
				9434BE031D833F7C007F8E92 /* LaunchScreen.storyboard in Resources */,
				940CB4C11D849B3300B4876F /* DPSearchHistoryViewController.xib in Resources */,
				9434BE001D833F3B007F8E92 /* Assets.xcassets in Resources */,
				940CB4B81D847FA300B4876F /* DPLoadingCell.xib in Resources */,
				940CB4831D834AF100B4876F /* DPPhotoCell.xib in Resources */,
				940CB4881D834B0F00B4876F /* DPPhotoSearchViewController.xib in Resources */,
			);
			runOnlyForDeploymentPostprocessing = 0;
		};
		944772F81D85659A00CEC86A /* Resources */ = {
			isa = PBXResourcesBuildPhase;
			buildActionMask = 2147483647;
			files = (
			);
			runOnlyForDeploymentPostprocessing = 0;
		};
/* End PBXResourcesBuildPhase section */

/* Begin PBXShellScriptBuildPhase section */
		1313D0733B22DE6A64E252CF /* 📦 Check Pods Manifest.lock */ = {
			isa = PBXShellScriptBuildPhase;
			buildActionMask = 2147483647;
			files = (
			);
			inputPaths = (
			);
			name = "📦 Check Pods Manifest.lock";
			outputPaths = (
			);
			runOnlyForDeploymentPostprocessing = 0;
			shellPath = /bin/sh;
			shellScript = "diff \"${PODS_ROOT}/../Podfile.lock\" \"${PODS_ROOT}/Manifest.lock\" > /dev/null\nif [[ $? != 0 ]] ; then\n    cat << EOM\nerror: The sandbox is not in sync with the Podfile.lock. Run 'pod install' or update your CocoaPods installation.\nEOM\n    exit 1\nfi\n";
			showEnvVarsInLog = 0;
		};
		1D8E1BDA2F460AC4656B6677 /* 📦 Copy Pods Resources */ = {
			isa = PBXShellScriptBuildPhase;
			buildActionMask = 2147483647;
			files = (
			);
			inputPaths = (
			);
			name = "📦 Copy Pods Resources";
			outputPaths = (
			);
			runOnlyForDeploymentPostprocessing = 0;
			shellPath = /bin/sh;
			shellScript = "\"${SRCROOT}/Pods/Target Support Files/Pods-TestTask/Pods-TestTask-resources.sh\"\n";
			showEnvVarsInLog = 0;
		};
		1F26264546AA17233A011CD2 /* 📦 Copy Pods Resources */ = {
			isa = PBXShellScriptBuildPhase;
			buildActionMask = 2147483647;
			files = (
			);
			inputPaths = (
			);
			name = "📦 Copy Pods Resources";
			outputPaths = (
			);
			runOnlyForDeploymentPostprocessing = 0;
			shellPath = /bin/sh;
			shellScript = "\"${SRCROOT}/Pods/Target Support Files/Pods-TestTaskTests/Pods-TestTaskTests-resources.sh\"\n";
			showEnvVarsInLog = 0;
		};
		3C06F3BF253BFDCEA4FBA74C /* 📦 Embed Pods Frameworks */ = {
			isa = PBXShellScriptBuildPhase;
			buildActionMask = 2147483647;
			files = (
			);
			inputPaths = (
			);
			name = "📦 Embed Pods Frameworks";
			outputPaths = (
			);
			runOnlyForDeploymentPostprocessing = 0;
			shellPath = /bin/sh;
			shellScript = "\"${SRCROOT}/Pods/Target Support Files/Pods-TestTaskTests/Pods-TestTaskTests-frameworks.sh\"\n";
			showEnvVarsInLog = 0;
		};
		6E1859A5833C7CA7EA28B657 /* 📦 Embed Pods Frameworks */ = {
			isa = PBXShellScriptBuildPhase;
			buildActionMask = 2147483647;
			files = (
			);
			inputPaths = (
			);
			name = "📦 Embed Pods Frameworks";
			outputPaths = (
			);
			runOnlyForDeploymentPostprocessing = 0;
			shellPath = /bin/sh;
			shellScript = "\"${SRCROOT}/Pods/Target Support Files/Pods-TestTask/Pods-TestTask-frameworks.sh\"\n";
			showEnvVarsInLog = 0;
		};
		87B00700AF4C46FF2656AE76 /* 📦 Check Pods Manifest.lock */ = {
			isa = PBXShellScriptBuildPhase;
			buildActionMask = 2147483647;
			files = (
			);
			inputPaths = (
			);
			name = "📦 Check Pods Manifest.lock";
			outputPaths = (
			);
			runOnlyForDeploymentPostprocessing = 0;
			shellPath = /bin/sh;
			shellScript = "diff \"${PODS_ROOT}/../Podfile.lock\" \"${PODS_ROOT}/Manifest.lock\" > /dev/null\nif [[ $? != 0 ]] ; then\n    cat << EOM\nerror: The sandbox is not in sync with the Podfile.lock. Run 'pod install' or update your CocoaPods installation.\nEOM\n    exit 1\nfi\n";
			showEnvVarsInLog = 0;
		};
/* End PBXShellScriptBuildPhase section */

/* Begin PBXSourcesBuildPhase section */
		9434BDDC1D833E7C007F8E92 /* Sources */ = {
			isa = PBXSourcesBuildPhase;
			buildActionMask = 2147483647;
			files = (
				9434BDFE1D833F29007F8E92 /* AppDelegate.m in Sources */,
				940CB4AE1D84494000B4876F /* DPPhotoPageRequest.m in Sources */,
				940CB48D1D834BF000B4876F /* UICollectionView+DP.m in Sources */,
				940CB49A1D841AAC00B4876F /* DPPhoto.m in Sources */,
				940CB4C01D849B3300B4876F /* DPSearchHistoryViewController.m in Sources */,
				940CB4911D83591F00B4876F /* DPPhotoResource.m in Sources */,
				940CB4B71D847FA300B4876F /* DPLoadingCell.m in Sources */,
				940CB4BB1D8485AC00B4876F /* DPAlertHelper.m in Sources */,
				940CB4A01D84227600B4876F /* DPPhotoPage.m in Sources */,
				940CB4C61D849EB900B4876F /* DPSearchFlowController.m in Sources */,
				9434BDE51D833E7C007F8E92 /* main.m in Sources */,
				940CB4B21D845E0300B4876F /* DPPagingContainer.m in Sources */,
				940CB4941D84133F00B4876F /* DPNetworkService.m in Sources */,
				940CB4CF1D85599D00B4876F /* UITableView+DP.m in Sources */,
				940CB4821D834AF100B4876F /* DPPhotoCell.m in Sources */,
				940CB4A51D843E7600B4876F /* DPApiService.m in Sources */,
				940CB4871D834B0F00B4876F /* DPPhotoSearchViewController.m in Sources */,
				940CB4C91D85418000B4876F /* DPSearchHistoryResource.m in Sources */,
			);
			runOnlyForDeploymentPostprocessing = 0;
		};
		944772F61D85659A00CEC86A /* Sources */ = {
			isa = PBXSourcesBuildPhase;
			buildActionMask = 2147483647;
			files = (
				944773051D85A1F800CEC86A /* DPApiServiceTests.m in Sources */,
				944772FD1D85659A00CEC86A /* DPPhotoResourceTests.m in Sources */,
			);
			runOnlyForDeploymentPostprocessing = 0;
		};
/* End PBXSourcesBuildPhase section */

/* Begin PBXTargetDependency section */
		944773001D85659A00CEC86A /* PBXTargetDependency */ = {
			isa = PBXTargetDependency;
			target = 9434BDDF1D833E7C007F8E92 /* TestTask */;
			targetProxy = 944772FF1D85659A00CEC86A /* PBXContainerItemProxy */;
		};
/* End PBXTargetDependency section */

/* Begin PBXVariantGroup section */
		9434BE011D833F7C007F8E92 /* LaunchScreen.storyboard */ = {
			isa = PBXVariantGroup;
			children = (
				9434BE021D833F7C007F8E92 /* Base */,
			);
			name = LaunchScreen.storyboard;
			sourceTree = "<group>";
		};
/* End PBXVariantGroup section */

/* Begin XCBuildConfiguration section */
		9434BDF51D833E7C007F8E92 /* Debug */ = {
			isa = XCBuildConfiguration;
			buildSettings = {
				ALWAYS_SEARCH_USER_PATHS = NO;
				CLANG_ANALYZER_NONNULL = YES;
				CLANG_CXX_LANGUAGE_STANDARD = "gnu++0x";
				CLANG_CXX_LIBRARY = "libc++";
				CLANG_ENABLE_MODULES = YES;
				CLANG_ENABLE_OBJC_ARC = YES;
				CLANG_WARN_BOOL_CONVERSION = YES;
				CLANG_WARN_CONSTANT_CONVERSION = YES;
				CLANG_WARN_DIRECT_OBJC_ISA_USAGE = YES_ERROR;
				CLANG_WARN_EMPTY_BODY = YES;
				CLANG_WARN_ENUM_CONVERSION = YES;
				CLANG_WARN_INT_CONVERSION = YES;
				CLANG_WARN_OBJC_ROOT_CLASS = YES_ERROR;
				CLANG_WARN_UNREACHABLE_CODE = YES;
				CLANG_WARN__DUPLICATE_METHOD_MATCH = YES;
				"CODE_SIGN_IDENTITY[sdk=iphoneos*]" = "iPhone Developer";
				COPY_PHASE_STRIP = NO;
				DEBUG_INFORMATION_FORMAT = dwarf;
				ENABLE_STRICT_OBJC_MSGSEND = YES;
				ENABLE_TESTABILITY = YES;
				GCC_C_LANGUAGE_STANDARD = gnu99;
				GCC_DYNAMIC_NO_PIC = NO;
				GCC_NO_COMMON_BLOCKS = YES;
				GCC_OPTIMIZATION_LEVEL = 0;
				GCC_PREPROCESSOR_DEFINITIONS = (
					"DEBUG=1",
					"$(inherited)",
				);
				GCC_WARN_64_TO_32_BIT_CONVERSION = YES;
				GCC_WARN_ABOUT_RETURN_TYPE = YES_ERROR;
				GCC_WARN_UNDECLARED_SELECTOR = YES;
				GCC_WARN_UNINITIALIZED_AUTOS = YES_AGGRESSIVE;
				GCC_WARN_UNUSED_FUNCTION = YES;
				GCC_WARN_UNUSED_VARIABLE = YES;
				IPHONEOS_DEPLOYMENT_TARGET = 9.3;
				MTL_ENABLE_DEBUG_INFO = YES;
				ONLY_ACTIVE_ARCH = YES;
				SDKROOT = iphoneos;
			};
			name = Debug;
		};
		9434BDF61D833E7C007F8E92 /* Release */ = {
			isa = XCBuildConfiguration;
			buildSettings = {
				ALWAYS_SEARCH_USER_PATHS = NO;
				CLANG_ANALYZER_NONNULL = YES;
				CLANG_CXX_LANGUAGE_STANDARD = "gnu++0x";
				CLANG_CXX_LIBRARY = "libc++";
				CLANG_ENABLE_MODULES = YES;
				CLANG_ENABLE_OBJC_ARC = YES;
				CLANG_WARN_BOOL_CONVERSION = YES;
				CLANG_WARN_CONSTANT_CONVERSION = YES;
				CLANG_WARN_DIRECT_OBJC_ISA_USAGE = YES_ERROR;
				CLANG_WARN_EMPTY_BODY = YES;
				CLANG_WARN_ENUM_CONVERSION = YES;
				CLANG_WARN_INT_CONVERSION = YES;
				CLANG_WARN_OBJC_ROOT_CLASS = YES_ERROR;
				CLANG_WARN_UNREACHABLE_CODE = YES;
				CLANG_WARN__DUPLICATE_METHOD_MATCH = YES;
				"CODE_SIGN_IDENTITY[sdk=iphoneos*]" = "iPhone Developer";
				COPY_PHASE_STRIP = NO;
				DEBUG_INFORMATION_FORMAT = "dwarf-with-dsym";
				ENABLE_NS_ASSERTIONS = NO;
				ENABLE_STRICT_OBJC_MSGSEND = YES;
				GCC_C_LANGUAGE_STANDARD = gnu99;
				GCC_NO_COMMON_BLOCKS = YES;
				GCC_WARN_64_TO_32_BIT_CONVERSION = YES;
				GCC_WARN_ABOUT_RETURN_TYPE = YES_ERROR;
				GCC_WARN_UNDECLARED_SELECTOR = YES;
				GCC_WARN_UNINITIALIZED_AUTOS = YES_AGGRESSIVE;
				GCC_WARN_UNUSED_FUNCTION = YES;
				GCC_WARN_UNUSED_VARIABLE = YES;
				IPHONEOS_DEPLOYMENT_TARGET = 9.3;
				MTL_ENABLE_DEBUG_INFO = NO;
				SDKROOT = iphoneos;
				VALIDATE_PRODUCT = YES;
			};
			name = Release;
		};
		9434BDF81D833E7C007F8E92 /* Debug */ = {
			isa = XCBuildConfiguration;
			baseConfigurationReference = 813B93C2DE49DF7848431ACA /* Pods-TestTask.debug.xcconfig */;
			buildSettings = {
				ASSETCATALOG_COMPILER_APPICON_NAME = AppIcon;
				GCC_PREFIX_HEADER = TestTask/TestTask.pch;
				GCC_TREAT_WARNINGS_AS_ERRORS = YES;
				INFOPLIST_FILE = TestTask/Info.plist;
				LD_RUNPATH_SEARCH_PATHS = "$(inherited) @executable_path/Frameworks";
				PRODUCT_BUNDLE_IDENTIFIER = DP.TestTask;
				PRODUCT_NAME = "$(TARGET_NAME)";
			};
			name = Debug;
		};
		9434BDF91D833E7C007F8E92 /* Release */ = {
			isa = XCBuildConfiguration;
			baseConfigurationReference = 27528069D53D3DF70811EE30 /* Pods-TestTask.release.xcconfig */;
			buildSettings = {
				ASSETCATALOG_COMPILER_APPICON_NAME = AppIcon;
				GCC_PREFIX_HEADER = TestTask/TestTask.pch;
				GCC_TREAT_WARNINGS_AS_ERRORS = YES;
				INFOPLIST_FILE = TestTask/Info.plist;
				LD_RUNPATH_SEARCH_PATHS = "$(inherited) @executable_path/Frameworks";
				PRODUCT_BUNDLE_IDENTIFIER = DP.TestTask;
				PRODUCT_NAME = "$(TARGET_NAME)";
			};
			name = Release;
		};
		944773011D85659A00CEC86A /* Debug */ = {
			isa = XCBuildConfiguration;
			baseConfigurationReference = 6F3A44F15A409CE353E8C28A /* Pods-TestTaskTests.debug.xcconfig */;
			buildSettings = {
				BUNDLE_LOADER = "$(TEST_HOST)";
				INFOPLIST_FILE = TestTaskTests/Info.plist;
				LD_RUNPATH_SEARCH_PATHS = "$(inherited) @executable_path/Frameworks @loader_path/Frameworks";
				PRODUCT_BUNDLE_IDENTIFIER = DP.TestTaskTests;
				PRODUCT_NAME = "$(TARGET_NAME)";
				TEST_HOST = "$(BUILT_PRODUCTS_DIR)/TestTask.app/TestTask";
			};
			name = Debug;
		};
		944773021D85659A00CEC86A /* Release */ = {
			isa = XCBuildConfiguration;
			baseConfigurationReference = D7746D44F6AC0FDDC561137B /* Pods-TestTaskTests.release.xcconfig */;
			buildSettings = {
				BUNDLE_LOADER = "$(TEST_HOST)";
				INFOPLIST_FILE = TestTaskTests/Info.plist;
				LD_RUNPATH_SEARCH_PATHS = "$(inherited) @executable_path/Frameworks @loader_path/Frameworks";
				PRODUCT_BUNDLE_IDENTIFIER = DP.TestTaskTests;
				PRODUCT_NAME = "$(TARGET_NAME)";
				TEST_HOST = "$(BUILT_PRODUCTS_DIR)/TestTask.app/TestTask";
			};
			name = Release;
		};
/* End XCBuildConfiguration section */

/* Begin XCConfigurationList section */
		9434BDDB1D833E7C007F8E92 /* Build configuration list for PBXProject "TestTask" */ = {
			isa = XCConfigurationList;
			buildConfigurations = (
				9434BDF51D833E7C007F8E92 /* Debug */,
				9434BDF61D833E7C007F8E92 /* Release */,
			);
			defaultConfigurationIsVisible = 0;
			defaultConfigurationName = Release;
		};
		9434BDF71D833E7C007F8E92 /* Build configuration list for PBXNativeTarget "TestTask" */ = {
			isa = XCConfigurationList;
			buildConfigurations = (
				9434BDF81D833E7C007F8E92 /* Debug */,
				9434BDF91D833E7C007F8E92 /* Release */,
			);
			defaultConfigurationIsVisible = 0;
			defaultConfigurationName = Release;
		};
		944773031D85659A00CEC86A /* Build configuration list for PBXNativeTarget "TestTaskTests" */ = {
			isa = XCConfigurationList;
			buildConfigurations = (
				944773011D85659A00CEC86A /* Debug */,
				944773021D85659A00CEC86A /* Release */,
			);
			defaultConfigurationIsVisible = 0;
			defaultConfigurationName = Release;
		};
/* End XCConfigurationList section */
	};
	rootObject = 9434BDD81D833E7C007F8E92 /* Project object */;
}
